
Microsoft Visual Studio Solution File, Format Version 12.00
# Visual Studio Version 17
VisualStudioVersion = 17.3.32929.385
MinimumVisualStudioVersion = 10.0.40219.1
Project("{FAE04EC0-301F-11D3-BF4B-00C04F79EFBC}") = "siSharp", "siSharp.csproj", "{B623185A-B5A2-49ED-A760-ED361EA7E5A6}"
EndProject
Global
	GlobalSection(SolutionConfigurationPlatforms) = preSolution
		Debug|Any CPU = Debug|Any CPU
		Release|Any CPU = Release|Any CPU
	EndGlobalSection
	GlobalSection(ProjectConfigurationPlatforms) = postSolution
		{B623185A-B5A2-49ED-A760-ED361EA7E5A6}.Debug|Any CPU.ActiveCfg = Debug|Any CPU
		{B623185A-B5A2-49ED-A760-ED361EA7E5A6}.Debug|Any CPU.Build.0 = Debug|Any CPU
		{B623185A-B5A2-49ED-A760-ED361EA7E5A6}.Release|Any CPU.ActiveCfg = Release|Any CPU
		{B623185A-B5A2-49ED-A760-ED361EA7E5A6}.Release|Any CPU.Build.0 = Release|Any CPU
	EndGlobalSection
	GlobalSection(SolutionProperties) = preSolution
		HideSolutionNode = FALSE
	EndGlobalSection
	GlobalSection(ExtensibilityGlobals) = postSolution
		SolutionGuid = {85B58754-9273-437E-8ACB-73715C5AE5E4}
	EndGlobalSection
EndGlobal
